{
  "nodes": {
    "firefox-addons": {
      "inputs": {
        "nixpkgs": [
          "nixpkgs"
        ]
      },
      "locked": {
        "dir": "pkgs/firefox-addons",
        "lastModified": 1745222277,
        "narHash": "sha256-zkUx4CzgqRS8bUT1hyEGol3w6/iv+tk0axMpdzTB7Mw=",
        "owner": "rycee",
        "repo": "nur-expressions",
        "rev": "da88304c0a5113485bd36a498ee05516cace8ec9",
        "type": "gitlab"
      },
      "original": {
        "dir": "pkgs/firefox-addons",
        "owner": "rycee",
        "repo": "nur-expressions",
        "type": "gitlab"
      }
    },
    "home-manager": {
      "inputs": {
        "nixpkgs": [
          "nixpkgs"
        ]
      },
      "locked": {
        "lastModified": 1745272532,
        "narHash": "sha256-+sFbKw1vFkulKYxsAbz84N0V/goSg808IgFh8iWe/As=",
        "owner": "nix-community",
        "repo": "home-manager",
        "rev": "81541ea36d1fead4be7797e826ee325d4c19308b",
        "type": "github"
      },
      "original": {
        "owner": "nix-community",
        "ref": "master",
        "repo": "home-manager",
        "type": "github"
      }
    },
    "nixpkgs": {
      "locked": {
        "lastModified": 1745271745,
        "narHash": "sha256-Lr0d7dLOezRzz5GWDPR18h1XMWFM+sbKWRput1wIqI8=",
        "owner": "nixos",
        "repo": "nixpkgs",
        "rev": "8f256d7af1a7f758f12925e0bffd91103abf2810",
        "type": "github"
      },
      "original": {
        "owner": "nixos",
        "ref": "master",
        "repo": "nixpkgs",
        "type": "github"
      }
    },
    "nixpkgs-unstable": {
      "locked": {
        "lastModified": 1744932701,
        "narHash": "sha256-fusHbZCyv126cyArUwwKrLdCkgVAIaa/fQJYFlCEqiU=",
        "owner": "nixos",
        "repo": "nixpkgs",
        "rev": "b024ced1aac25639f8ca8fdfc2f8c4fbd66c48ef",
        "type": "github"
      },
      "original": {
        "owner": "nixos",
        "ref": "nixos-unstable",
        "repo": "nixpkgs",
        "type": "github"
      }
    },
    "root": {
      "inputs": {
        "firefox-addons": "firefox-addons",
        "home-manager": "home-manager",
        "nixpkgs": "nixpkgs",
        "nixpkgs-unstable": "nixpkgs-unstable"
      }
    }
  },
  "root": "root",
  "version": 7
}
