{
  "nodes": {
    "home-manager": {
      "inputs": {
        "nixpkgs": [
          "nixpkgs"
        ]
      },
      "locked": {
        "lastModified": 1724435763,
        "narHash": "sha256-UNky3lJNGQtUEXT2OY8gMxejakSWPTfWKvpFkpFlAfM=",
        "owner": "nix-community",
        "repo": "home-manager",
        "rev": "c2cd2a52e02f1dfa1c88f95abeb89298d46023be",
        "type": "github"
      },
      "original": {
        "owner": "nix-community",
        "ref": "master",
        "repo": "home-manager",
        "type": "github"
      }
    },
    "nixpkgs": {
      "locked": {
<<<<<<< Updated upstream
        "lastModified": 1724471562,
        "narHash": "sha256-mp9oNmmHuc0E+BoqQ1kLlQa59lEJl88TgK5gCx8ORdc=",
        "owner": "nixos",
        "repo": "nixpkgs",
        "rev": "96b1f3bd995d7470cdad224706425e56e2efc5a3",
=======
        "lastModified": 1724473859,
        "narHash": "sha256-+GhybO4IKdmXicKJw/FjHU7pcEe35Swg9ayUn1nJxUQ=",
        "owner": "nixos",
        "repo": "nixpkgs",
        "rev": "0b6e94440ac1907cf539c4073e98832fc092b5b5",
>>>>>>> Stashed changes
        "type": "github"
      },
      "original": {
        "owner": "nixos",
        "ref": "master",
        "repo": "nixpkgs",
        "type": "github"
      }
    },
    "nixpkgs-unstable": {
      "locked": {
        "lastModified": 1724224976,
        "narHash": "sha256-Z/ELQhrSd7bMzTO8r7NZgi9g5emh+aRKoCdaAv5fiO0=",
        "owner": "nixos",
        "repo": "nixpkgs",
        "rev": "c374d94f1536013ca8e92341b540eba4c22f9c62",
        "type": "github"
      },
      "original": {
        "owner": "nixos",
        "ref": "nixos-unstable",
        "repo": "nixpkgs",
        "type": "github"
      }
    },
    "nu-scripts": {
      "flake": false,
      "locked": {
        "lastModified": 1724069317,
        "narHash": "sha256-qLezX1/5w4J3hF/cRQYtkV0nq/1fwTwz0/kAaFGTiWI=",
        "owner": "nushell",
        "repo": "nu_scripts",
        "rev": "7bf4491cbff7bb57b83ef4dda9f26cdcd2008a7f",
        "type": "github"
      },
      "original": {
        "owner": "nushell",
        "repo": "nu_scripts",
        "type": "github"
      }
    },
    "root": {
      "inputs": {
        "home-manager": "home-manager",
        "nixpkgs": "nixpkgs",
        "nixpkgs-unstable": "nixpkgs-unstable",
        "nu-scripts": "nu-scripts"
      }
    }
  },
  "root": "root",
  "version": 7
}
