{
  "nodes": {
    "home-manager": {
      "inputs": {
        "nixpkgs": [
          "nixpkgs"
        ]
      },
      "locked": {
        "lastModified": 1736013363,
        "narHash": "sha256-P4lsS2Y5GzBfC8OfXtD/xWEucX6oHGTjOzjEjEJbXfc=",
        "owner": "nix-community",
        "repo": "home-manager",
        "rev": "0d7908bd09165db6699908b7e3970f137327cbf0",
        "type": "github"
      },
      "original": {
        "owner": "nix-community",
        "ref": "master",
        "repo": "home-manager",
        "type": "github"
      }
    },
    "nixpkgs": {
      "locked": {
        "lastModified": 1736038115,
        "narHash": "sha256-FVJtZ84o1HxZthCFrWdm/3VPV2ymVabU0kxef3kxENI=",
        "owner": "nixos",
        "repo": "nixpkgs",
        "rev": "88a8112a045187670c7e6bfee3c6904fc0e94759",
        "type": "github"
      },
      "original": {
        "owner": "nixos",
        "ref": "master",
        "repo": "nixpkgs",
        "type": "github"
      }
    },
    "nixpkgs-unstable": {
      "locked": {
        "lastModified": 1735834308,
        "narHash": "sha256-dklw3AXr3OGO4/XT1Tu3Xz9n/we8GctZZ75ZWVqAVhk=",
        "owner": "nixos",
        "repo": "nixpkgs",
        "rev": "6df24922a1400241dae323af55f30e4318a6ca65",
        "type": "github"
      },
      "original": {
        "owner": "nixos",
        "ref": "nixos-unstable",
        "repo": "nixpkgs",
        "type": "github"
      }
    },
    "nu-scripts": {
      "flake": false,
      "locked": {
        "lastModified": 1735966633,
        "narHash": "sha256-42TCEJCKaqnBML7r7b9AUUCgh48FKAjbmeixYdFbQ3M=",
        "owner": "nushell",
        "repo": "nu_scripts",
        "rev": "2dadab779b456667456eeb274bdf5c6a51f6d602",
        "type": "github"
      },
      "original": {
        "owner": "nushell",
        "repo": "nu_scripts",
        "type": "github"
      }
    },
    "root": {
      "inputs": {
        "home-manager": "home-manager",
        "nixpkgs": "nixpkgs",
        "nixpkgs-unstable": "nixpkgs-unstable",
        "nu-scripts": "nu-scripts"
      }
    }
  },
  "root": "root",
  "version": 7
}
